
Microsoft Visual Studio Solution File, Format Version 12.00
# Visual Studio Version 16
VisualStudioVersion = 16.0.32630.194
MinimumVisualStudioVersion = 10.0.40219.1
Project("{FAE04EC0-301F-11D3-BF4B-00C04F79EFBC}") = "KombAlg1", "KombAlg1\KombAlg1.csproj", "{620FC0D9-AED4-4079-A1C0-5EE3A12AE931}"
EndProject
Global
	GlobalSection(SolutionConfigurationPlatforms) = preSolution
		Debug|Any CPU = Debug|Any CPU
		Release|Any CPU = Release|Any CPU
	EndGlobalSection
	GlobalSection(ProjectConfigurationPlatforms) = postSolution
		{620FC0D9-AED4-4079-A1C0-5EE3A12AE931}.Debug|Any CPU.ActiveCfg = Debug|Any CPU
		{620FC0D9-AED4-4079-A1C0-5EE3A12AE931}.Debug|Any CPU.Build.0 = Debug|Any CPU
		{620FC0D9-AED4-4079-A1C0-5EE3A12AE931}.Release|Any CPU.ActiveCfg = Release|Any CPU
		{620FC0D9-AED4-4079-A1C0-5EE3A12AE931}.Release|Any CPU.Build.0 = Release|Any CPU
	EndGlobalSection
	GlobalSection(SolutionProperties) = preSolution
		HideSolutionNode = FALSE
	EndGlobalSection
	GlobalSection(ExtensibilityGlobals) = postSolution
		SolutionGuid = {BB547B24-6E3F-4D26-B9DA-190643A2698D}
	EndGlobalSection
EndGlobal
